
Microsoft Visual Studio Solution File, Format Version 12.00
# Visual Studio Version 16
VisualStudioVersion = 16.0.31605.320
MinimumVisualStudioVersion = 10.0.40219.1
Project("{FAE04EC0-301F-11D3-BF4B-00C04F79EFBC}") = "PrjGet1000Git", "PrjGet1000Git\PrjGet1000Git.csproj", "{9850B7E9-0E7B-4719-948E-26D12773FE8F}"
EndProject
Global
	GlobalSection(SolutionConfigurationPlatforms) = preSolution
		Debug|Any CPU = Debug|Any CPU
		Release|Any CPU = Release|Any CPU
	EndGlobalSection
	GlobalSection(ProjectConfigurationPlatforms) = postSolution
		{9850B7E9-0E7B-4719-948E-26D12773FE8F}.Debug|Any CPU.ActiveCfg = Debug|Any CPU
		{9850B7E9-0E7B-4719-948E-26D12773FE8F}.Debug|Any CPU.Build.0 = Debug|Any CPU
		{9850B7E9-0E7B-4719-948E-26D12773FE8F}.Release|Any CPU.ActiveCfg = Release|Any CPU
		{9850B7E9-0E7B-4719-948E-26D12773FE8F}.Release|Any CPU.Build.0 = Release|Any CPU
	EndGlobalSection
	GlobalSection(SolutionProperties) = preSolution
		HideSolutionNode = FALSE
	EndGlobalSection
	GlobalSection(ExtensibilityGlobals) = postSolution
		SolutionGuid = {D044D875-4D06-4F12-875D-316F9414D958}
	EndGlobalSection
EndGlobal
